
Microsoft Visual Studio Solution File, Format Version 12.00
# Visual Studio Version 17
VisualStudioVersion = 17.4.33205.214
MinimumVisualStudioVersion = 10.0.40219.1
Project("{FAE04EC0-301F-11D3-BF4B-00C04F79EFBC}") = "ConsoleApp13", "ConsoleApp13\ConsoleApp13.csproj", "{D77ED7C6-27EC-49B6-BA5F-C5F239E5F41F}"
EndProject
Global
	GlobalSection(SolutionConfigurationPlatforms) = preSolution
		Debug|Any CPU = Debug|Any CPU
		Release|Any CPU = Release|Any CPU
	EndGlobalSection
	GlobalSection(ProjectConfigurationPlatforms) = postSolution
		{D77ED7C6-27EC-49B6-BA5F-C5F239E5F41F}.Debug|Any CPU.ActiveCfg = Debug|Any CPU
		{D77ED7C6-27EC-49B6-BA5F-C5F239E5F41F}.Debug|Any CPU.Build.0 = Debug|Any CPU
		{D77ED7C6-27EC-49B6-BA5F-C5F239E5F41F}.Release|Any CPU.ActiveCfg = Release|Any CPU
		{D77ED7C6-27EC-49B6-BA5F-C5F239E5F41F}.Release|Any CPU.Build.0 = Release|Any CPU
	EndGlobalSection
	GlobalSection(SolutionProperties) = preSolution
		HideSolutionNode = FALSE
	EndGlobalSection
	GlobalSection(ExtensibilityGlobals) = postSolution
		SolutionGuid = {3DE5D05A-C066-4FBF-AD78-95C4A34C4B49}
	EndGlobalSection
EndGlobal
